
Microsoft Visual Studio Solution File, Format Version 12.00
# Visual Studio Version 16
VisualStudioVersion = 16.0.30011.22
MinimumVisualStudioVersion = 10.0.40219.1
Project("{FAE04EC0-301F-11D3-BF4B-00C04F79EFBC}") = "lab6", "lab6.csproj", "{7C92E8D9-579A-4029-A097-C9D2E37A9D1C}"
EndProject
Global
	GlobalSection(SolutionConfigurationPlatforms) = preSolution
		Debug|Any CPU = Debug|Any CPU
		Release|Any CPU = Release|Any CPU
	EndGlobalSection
	GlobalSection(ProjectConfigurationPlatforms) = postSolution
		{7C92E8D9-579A-4029-A097-C9D2E37A9D1C}.Debug|Any CPU.ActiveCfg = Debug|Any CPU
		{7C92E8D9-579A-4029-A097-C9D2E37A9D1C}.Debug|Any CPU.Build.0 = Debug|Any CPU
		{7C92E8D9-579A-4029-A097-C9D2E37A9D1C}.Release|Any CPU.ActiveCfg = Release|Any CPU
		{7C92E8D9-579A-4029-A097-C9D2E37A9D1C}.Release|Any CPU.Build.0 = Release|Any CPU
	EndGlobalSection
	GlobalSection(SolutionProperties) = preSolution
		HideSolutionNode = FALSE
	EndGlobalSection
	GlobalSection(ExtensibilityGlobals) = postSolution
		SolutionGuid = {1604FE12-5F38-4706-AFA1-5E5B8526DBDA}
	EndGlobalSection
EndGlobal
